
Microsoft Visual Studio Solution File, Format Version 12.00
# Visual Studio Version 16
VisualStudioVersion = 16.0.29418.71
MinimumVisualStudioVersion = 10.0.40219.1
Project("{FAE04EC0-301F-11D3-BF4B-00C04F79EFBC}") = "PhotoEnhancer", "PhotoEnhancer\PhotoEnhancer.csproj", "{A69435B8-D7F5-4889-9501-F4016FABB11D}"
EndProject
Global
	GlobalSection(SolutionConfigurationPlatforms) = preSolution
		Debug|Any CPU = Debug|Any CPU
		Release|Any CPU = Release|Any CPU
	EndGlobalSection
	GlobalSection(ProjectConfigurationPlatforms) = postSolution
		{A69435B8-D7F5-4889-9501-F4016FABB11D}.Debug|Any CPU.ActiveCfg = Debug|Any CPU
		{A69435B8-D7F5-4889-9501-F4016FABB11D}.Debug|Any CPU.Build.0 = Debug|Any CPU
		{A69435B8-D7F5-4889-9501-F4016FABB11D}.Release|Any CPU.ActiveCfg = Release|Any CPU
		{A69435B8-D7F5-4889-9501-F4016FABB11D}.Release|Any CPU.Build.0 = Release|Any CPU
	EndGlobalSection
	GlobalSection(SolutionProperties) = preSolution
		HideSolutionNode = FALSE
	EndGlobalSection
	GlobalSection(ExtensibilityGlobals) = postSolution
		SolutionGuid = {CF2CCCCC-E7EC-4A40-A5BB-4CFDD9093524}
	EndGlobalSection
EndGlobal
